
Microsoft Visual Studio Solution File, Format Version 12.00
# Visual Studio Version 17
VisualStudioVersion = 17.9.34607.119
MinimumVisualStudioVersion = 10.0.40219.1
Project("{FAE04EC0-301F-11D3-BF4B-00C04F79EFBC}") = "ProjectBackendLearning.Api", "ProjectBackendLearning.Api\ProjectBackendLearning.Api.csproj", "{734FA128-93E5-444E-93B9-A1E585D2F010}"
EndProject
Project("{FAE04EC0-301F-11D3-BF4B-00C04F79EFBC}") = "ProjectBackendLearning.Bll", "ProjectBackendLearning.Bll\ProjectBackendLearning.Bll.csproj", "{B674032F-F1BA-4D94-9D9C-6254E36D66DF}"
EndProject
Project("{FAE04EC0-301F-11D3-BF4B-00C04F79EFBC}") = "ProjectBackendLearning.DataLayer", "ProjectBackendLearning.DataLayer\ProjectBackendLearning.DataLayer.csproj", "{B518EDB0-C6AF-499F-A984-56204CCE5816}"
EndProject
Project("{FAE04EC0-301F-11D3-BF4B-00C04F79EFBC}") = "ProjectBackendLearning.Core", "ProjectBackendLearning.Core\ProjectBackendLearning.Core.csproj", "{DB54B628-60B9-4D77-BE6C-22E5C181A194}"
EndProject
Project("{FAE04EC0-301F-11D3-BF4B-00C04F79EFBC}") = "ProjectBackendLearning.Bll.Tests", "ProjectBackendLearning.Bll.Tests\ProjectBackendLearning.Bll.Tests.csproj", "{75624973-B169-42F5-8DDB-A5380692DE7D}"
EndProject
Project("{FAE04EC0-301F-11D3-BF4B-00C04F79EFBC}") = "ProjectBackendLearning.DataLayer.Tests", "ProjectBackendLearning.DataLayer.Tests\ProjectBackendLearning.DataLayer.Tests.csproj", "{379F4C11-E953-4123-B51E-9BCC24BA3B46}"
EndProject
Project("{FAE04EC0-301F-11D3-BF4B-00C04F79EFBC}") = "ProjectBackendLearning.Api.Tests", "ProjectBackendLearning.Api.Tests\ProjectBackendLearning.Api.Tests.csproj", "{C4ED73E9-1284-4DED-BA51-220625DCA9EA}"
EndProject
Global
	GlobalSection(SolutionConfigurationPlatforms) = preSolution
		Debug|Any CPU = Debug|Any CPU
		Release|Any CPU = Release|Any CPU
	EndGlobalSection
	GlobalSection(ProjectConfigurationPlatforms) = postSolution
		{734FA128-93E5-444E-93B9-A1E585D2F010}.Debug|Any CPU.ActiveCfg = Debug|Any CPU
		{734FA128-93E5-444E-93B9-A1E585D2F010}.Debug|Any CPU.Build.0 = Debug|Any CPU
		{734FA128-93E5-444E-93B9-A1E585D2F010}.Release|Any CPU.ActiveCfg = Release|Any CPU
		{734FA128-93E5-444E-93B9-A1E585D2F010}.Release|Any CPU.Build.0 = Release|Any CPU
		{B674032F-F1BA-4D94-9D9C-6254E36D66DF}.Debug|Any CPU.ActiveCfg = Debug|Any CPU
		{B674032F-F1BA-4D94-9D9C-6254E36D66DF}.Debug|Any CPU.Build.0 = Debug|Any CPU
		{B674032F-F1BA-4D94-9D9C-6254E36D66DF}.Release|Any CPU.ActiveCfg = Release|Any CPU
		{B674032F-F1BA-4D94-9D9C-6254E36D66DF}.Release|Any CPU.Build.0 = Release|Any CPU
		{B518EDB0-C6AF-499F-A984-56204CCE5816}.Debug|Any CPU.ActiveCfg = Debug|Any CPU
		{B518EDB0-C6AF-499F-A984-56204CCE5816}.Debug|Any CPU.Build.0 = Debug|Any CPU
		{B518EDB0-C6AF-499F-A984-56204CCE5816}.Release|Any CPU.ActiveCfg = Release|Any CPU
		{B518EDB0-C6AF-499F-A984-56204CCE5816}.Release|Any CPU.Build.0 = Release|Any CPU
		{DB54B628-60B9-4D77-BE6C-22E5C181A194}.Debug|Any CPU.ActiveCfg = Debug|Any CPU
		{DB54B628-60B9-4D77-BE6C-22E5C181A194}.Debug|Any CPU.Build.0 = Debug|Any CPU
		{DB54B628-60B9-4D77-BE6C-22E5C181A194}.Release|Any CPU.ActiveCfg = Release|Any CPU
		{DB54B628-60B9-4D77-BE6C-22E5C181A194}.Release|Any CPU.Build.0 = Release|Any CPU
		{75624973-B169-42F5-8DDB-A5380692DE7D}.Debug|Any CPU.ActiveCfg = Debug|Any CPU
		{75624973-B169-42F5-8DDB-A5380692DE7D}.Debug|Any CPU.Build.0 = Debug|Any CPU
		{75624973-B169-42F5-8DDB-A5380692DE7D}.Release|Any CPU.ActiveCfg = Release|Any CPU
		{75624973-B169-42F5-8DDB-A5380692DE7D}.Release|Any CPU.Build.0 = Release|Any CPU
		{379F4C11-E953-4123-B51E-9BCC24BA3B46}.Debug|Any CPU.ActiveCfg = Debug|Any CPU
		{379F4C11-E953-4123-B51E-9BCC24BA3B46}.Debug|Any CPU.Build.0 = Debug|Any CPU
		{379F4C11-E953-4123-B51E-9BCC24BA3B46}.Release|Any CPU.ActiveCfg = Release|Any CPU
		{379F4C11-E953-4123-B51E-9BCC24BA3B46}.Release|Any CPU.Build.0 = Release|Any CPU
		{C4ED73E9-1284-4DED-BA51-220625DCA9EA}.Debug|Any CPU.ActiveCfg = Debug|Any CPU
		{C4ED73E9-1284-4DED-BA51-220625DCA9EA}.Debug|Any CPU.Build.0 = Debug|Any CPU
		{C4ED73E9-1284-4DED-BA51-220625DCA9EA}.Release|Any CPU.ActiveCfg = Release|Any CPU
		{C4ED73E9-1284-4DED-BA51-220625DCA9EA}.Release|Any CPU.Build.0 = Release|Any CPU
	EndGlobalSection
	GlobalSection(SolutionProperties) = preSolution
		HideSolutionNode = FALSE
	EndGlobalSection
	GlobalSection(ExtensibilityGlobals) = postSolution
		SolutionGuid = {3C4D5A35-1B2B-4DA2-AF9E-D777F6AD4346}
	EndGlobalSection
EndGlobal
